
Microsoft Visual Studio Solution File, Format Version 12.00
# Visual Studio Version 16
VisualStudioVersion = 16.0.30114.105
MinimumVisualStudioVersion = 10.0.40219.1
Project("{2150E333-8FDC-42A3-9474-1A3956D46DE8}") = "source", "source", "{0AB5B004-71B4-4822-B782-73D062223653}"
EndProject
Project("{FAE04EC0-301F-11D3-BF4B-00C04F79EFBC}") = "TotalMixVC.Communicator", "source\TotalMixVC.Communicator\TotalMixVC.Communicator.csproj", "{4149419B-774F-4EBF-AE10-EFE977EB313F}"
EndProject
Project("{FAE04EC0-301F-11D3-BF4B-00C04F79EFBC}") = "TotalMixVC.GUI", "source\TotalMixVC.GUI\TotalMixVC.GUI.csproj", "{3B831D6E-98CD-44D7-BFC7-0AE0221EFA8A}"
EndProject
Project("{FAE04EC0-301F-11D3-BF4B-00C04F79EFBC}") = "Build", "build\Build.csproj", "{ADBDFC50-759F-40DD-8CC7-A8CE07CB981E}"
EndProject
Project("{FAE04EC0-301F-11D3-BF4B-00C04F79EFBC}") = "TotalMixVC.Communicator.Tests", "source\TotalMixVC.Communicator.Tests\TotalMixVC.Communicator.Tests.csproj", "{4DF96FB1-0699-44A8-A7C7-FDB5457C666D}"
EndProject
Project("{FAE04EC0-301F-11D3-BF4B-00C04F79EFBC}") = "TotalMixVC.Helpers", "source\TotalMixVC.Helpers\TotalMixVC.Helpers.csproj", "{F1F0354A-9A5F-4E19-858F-3A2F71A7D465}"
EndProject
Project("{FAE04EC0-301F-11D3-BF4B-00C04F79EFBC}") = "TotalMixVC.Helpers.Tests", "source\TotalMixVC.Helpers.Tests\TotalMixVC.Helpers.Tests.csproj", "{3B15BCA1-96B9-4B8C-8DE3-7B4689CF26B9}"
EndProject
Global
	GlobalSection(SolutionConfigurationPlatforms) = preSolution
		Debug|Any CPU = Debug|Any CPU
		Debug|x64 = Debug|x64
		Debug|x86 = Debug|x86
		Release|Any CPU = Release|Any CPU
		Release|x64 = Release|x64
		Release|x86 = Release|x86
	EndGlobalSection
	GlobalSection(SolutionProperties) = preSolution
		HideSolutionNode = FALSE
	EndGlobalSection
	GlobalSection(ProjectConfigurationPlatforms) = postSolution
		{4149419B-774F-4EBF-AE10-EFE977EB313F}.Debug|Any CPU.ActiveCfg = Debug|Any CPU
		{4149419B-774F-4EBF-AE10-EFE977EB313F}.Debug|Any CPU.Build.0 = Debug|Any CPU
		{4149419B-774F-4EBF-AE10-EFE977EB313F}.Debug|x64.ActiveCfg = Debug|Any CPU
		{4149419B-774F-4EBF-AE10-EFE977EB313F}.Debug|x64.Build.0 = Debug|Any CPU
		{4149419B-774F-4EBF-AE10-EFE977EB313F}.Debug|x86.ActiveCfg = Debug|Any CPU
		{4149419B-774F-4EBF-AE10-EFE977EB313F}.Debug|x86.Build.0 = Debug|Any CPU
		{4149419B-774F-4EBF-AE10-EFE977EB313F}.Release|Any CPU.ActiveCfg = Release|Any CPU
		{4149419B-774F-4EBF-AE10-EFE977EB313F}.Release|Any CPU.Build.0 = Release|Any CPU
		{4149419B-774F-4EBF-AE10-EFE977EB313F}.Release|x64.ActiveCfg = Release|Any CPU
		{4149419B-774F-4EBF-AE10-EFE977EB313F}.Release|x64.Build.0 = Release|Any CPU
		{4149419B-774F-4EBF-AE10-EFE977EB313F}.Release|x86.ActiveCfg = Release|Any CPU
		{4149419B-774F-4EBF-AE10-EFE977EB313F}.Release|x86.Build.0 = Release|Any CPU
		{3B831D6E-98CD-44D7-BFC7-0AE0221EFA8A}.Debug|Any CPU.ActiveCfg = Debug|Any CPU
		{3B831D6E-98CD-44D7-BFC7-0AE0221EFA8A}.Debug|Any CPU.Build.0 = Debug|Any CPU
		{3B831D6E-98CD-44D7-BFC7-0AE0221EFA8A}.Debug|x64.ActiveCfg = Debug|Any CPU
		{3B831D6E-98CD-44D7-BFC7-0AE0221EFA8A}.Debug|x64.Build.0 = Debug|Any CPU
		{3B831D6E-98CD-44D7-BFC7-0AE0221EFA8A}.Debug|x86.ActiveCfg = Debug|Any CPU
		{3B831D6E-98CD-44D7-BFC7-0AE0221EFA8A}.Debug|x86.Build.0 = Debug|Any CPU
		{3B831D6E-98CD-44D7-BFC7-0AE0221EFA8A}.Release|Any CPU.ActiveCfg = Release|Any CPU
		{3B831D6E-98CD-44D7-BFC7-0AE0221EFA8A}.Release|Any CPU.Build.0 = Release|Any CPU
		{3B831D6E-98CD-44D7-BFC7-0AE0221EFA8A}.Release|x64.ActiveCfg = Release|Any CPU
		{3B831D6E-98CD-44D7-BFC7-0AE0221EFA8A}.Release|x64.Build.0 = Release|Any CPU
		{3B831D6E-98CD-44D7-BFC7-0AE0221EFA8A}.Release|x86.ActiveCfg = Release|Any CPU
		{3B831D6E-98CD-44D7-BFC7-0AE0221EFA8A}.Release|x86.Build.0 = Release|Any CPU
		{ADBDFC50-759F-40DD-8CC7-A8CE07CB981E}.Debug|Any CPU.ActiveCfg = Debug|Any CPU
		{ADBDFC50-759F-40DD-8CC7-A8CE07CB981E}.Debug|Any CPU.Build.0 = Debug|Any CPU
		{ADBDFC50-759F-40DD-8CC7-A8CE07CB981E}.Debug|x64.ActiveCfg = Debug|Any CPU
		{ADBDFC50-759F-40DD-8CC7-A8CE07CB981E}.Debug|x64.Build.0 = Debug|Any CPU
		{ADBDFC50-759F-40DD-8CC7-A8CE07CB981E}.Debug|x86.ActiveCfg = Debug|Any CPU
		{ADBDFC50-759F-40DD-8CC7-A8CE07CB981E}.Debug|x86.Build.0 = Debug|Any CPU
		{ADBDFC50-759F-40DD-8CC7-A8CE07CB981E}.Release|Any CPU.ActiveCfg = Release|Any CPU
		{ADBDFC50-759F-40DD-8CC7-A8CE07CB981E}.Release|Any CPU.Build.0 = Release|Any CPU
		{ADBDFC50-759F-40DD-8CC7-A8CE07CB981E}.Release|x64.ActiveCfg = Release|Any CPU
		{ADBDFC50-759F-40DD-8CC7-A8CE07CB981E}.Release|x64.Build.0 = Release|Any CPU
		{ADBDFC50-759F-40DD-8CC7-A8CE07CB981E}.Release|x86.ActiveCfg = Release|Any CPU
		{ADBDFC50-759F-40DD-8CC7-A8CE07CB981E}.Release|x86.Build.0 = Release|Any CPU
		{4DF96FB1-0699-44A8-A7C7-FDB5457C666D}.Debug|Any CPU.ActiveCfg = Debug|Any CPU
		{4DF96FB1-0699-44A8-A7C7-FDB5457C666D}.Debug|Any CPU.Build.0 = Debug|Any CPU
		{4DF96FB1-0699-44A8-A7C7-FDB5457C666D}.Debug|x64.ActiveCfg = Debug|Any CPU
		{4DF96FB1-0699-44A8-A7C7-FDB5457C666D}.Debug|x64.Build.0 = Debug|Any CPU
		{4DF96FB1-0699-44A8-A7C7-FDB5457C666D}.Debug|x86.ActiveCfg = Debug|Any CPU
		{4DF96FB1-0699-44A8-A7C7-FDB5457C666D}.Debug|x86.Build.0 = Debug|Any CPU
		{4DF96FB1-0699-44A8-A7C7-FDB5457C666D}.Release|Any CPU.ActiveCfg = Release|Any CPU
		{4DF96FB1-0699-44A8-A7C7-FDB5457C666D}.Release|Any CPU.Build.0 = Release|Any CPU
		{4DF96FB1-0699-44A8-A7C7-FDB5457C666D}.Release|x64.ActiveCfg = Release|Any CPU
		{4DF96FB1-0699-44A8-A7C7-FDB5457C666D}.Release|x64.Build.0 = Release|Any CPU
		{4DF96FB1-0699-44A8-A7C7-FDB5457C666D}.Release|x86.ActiveCfg = Release|Any CPU
		{4DF96FB1-0699-44A8-A7C7-FDB5457C666D}.Release|x86.Build.0 = Release|Any CPU
		{F1F0354A-9A5F-4E19-858F-3A2F71A7D465}.Debug|Any CPU.ActiveCfg = Debug|Any CPU
		{F1F0354A-9A5F-4E19-858F-3A2F71A7D465}.Debug|Any CPU.Build.0 = Debug|Any CPU
		{F1F0354A-9A5F-4E19-858F-3A2F71A7D465}.Debug|x64.ActiveCfg = Debug|Any CPU
		{F1F0354A-9A5F-4E19-858F-3A2F71A7D465}.Debug|x64.Build.0 = Debug|Any CPU
		{F1F0354A-9A5F-4E19-858F-3A2F71A7D465}.Debug|x86.ActiveCfg = Debug|Any CPU
		{F1F0354A-9A5F-4E19-858F-3A2F71A7D465}.Debug|x86.Build.0 = Debug|Any CPU
		{F1F0354A-9A5F-4E19-858F-3A2F71A7D465}.Release|Any CPU.ActiveCfg = Release|Any CPU
		{F1F0354A-9A5F-4E19-858F-3A2F71A7D465}.Release|Any CPU.Build.0 = Release|Any CPU
		{F1F0354A-9A5F-4E19-858F-3A2F71A7D465}.Release|x64.ActiveCfg = Release|Any CPU
		{F1F0354A-9A5F-4E19-858F-3A2F71A7D465}.Release|x64.Build.0 = Release|Any CPU
		{F1F0354A-9A5F-4E19-858F-3A2F71A7D465}.Release|x86.ActiveCfg = Release|Any CPU
		{F1F0354A-9A5F-4E19-858F-3A2F71A7D465}.Release|x86.Build.0 = Release|Any CPU
		{3B15BCA1-96B9-4B8C-8DE3-7B4689CF26B9}.Debug|Any CPU.ActiveCfg = Debug|Any CPU
		{3B15BCA1-96B9-4B8C-8DE3-7B4689CF26B9}.Debug|Any CPU.Build.0 = Debug|Any CPU
		{3B15BCA1-96B9-4B8C-8DE3-7B4689CF26B9}.Debug|x64.ActiveCfg = Debug|Any CPU
		{3B15BCA1-96B9-4B8C-8DE3-7B4689CF26B9}.Debug|x64.Build.0 = Debug|Any CPU
		{3B15BCA1-96B9-4B8C-8DE3-7B4689CF26B9}.Debug|x86.ActiveCfg = Debug|Any CPU
		{3B15BCA1-96B9-4B8C-8DE3-7B4689CF26B9}.Debug|x86.Build.0 = Debug|Any CPU
		{3B15BCA1-96B9-4B8C-8DE3-7B4689CF26B9}.Release|Any CPU.ActiveCfg = Release|Any CPU
		{3B15BCA1-96B9-4B8C-8DE3-7B4689CF26B9}.Release|Any CPU.Build.0 = Release|Any CPU
		{3B15BCA1-96B9-4B8C-8DE3-7B4689CF26B9}.Release|x64.ActiveCfg = Release|Any CPU
		{3B15BCA1-96B9-4B8C-8DE3-7B4689CF26B9}.Release|x64.Build.0 = Release|Any CPU
		{3B15BCA1-96B9-4B8C-8DE3-7B4689CF26B9}.Release|x86.ActiveCfg = Release|Any CPU
		{3B15BCA1-96B9-4B8C-8DE3-7B4689CF26B9}.Release|x86.Build.0 = Release|Any CPU
	EndGlobalSection
	GlobalSection(NestedProjects) = preSolution
		{4149419B-774F-4EBF-AE10-EFE977EB313F} = {0AB5B004-71B4-4822-B782-73D062223653}
		{3B831D6E-98CD-44D7-BFC7-0AE0221EFA8A} = {0AB5B004-71B4-4822-B782-73D062223653}
		{4DF96FB1-0699-44A8-A7C7-FDB5457C666D} = {0AB5B004-71B4-4822-B782-73D062223653}
		{F1F0354A-9A5F-4E19-858F-3A2F71A7D465} = {0AB5B004-71B4-4822-B782-73D062223653}
		{3B15BCA1-96B9-4B8C-8DE3-7B4689CF26B9} = {0AB5B004-71B4-4822-B782-73D062223653}
	EndGlobalSection
EndGlobal
